// !$*UTF8*$!
{
	archiveVersion = 1;
	classes = {
	};
	objectVersion = 46;
	objects = {

/* Begin PBXBuildFile section */
		AEA95F311E27A7B6004FC14E /* Interface.h in CopyFiles */ = {isa = PBXBuildFile; fileRef = AEA95F2E1E27A7B6004FC14E /* Interface.h */; };
		AEA95F3D1E27A7F4004FC14E /* HttpSessionRequest.m in Sources */ = {isa = PBXBuildFile; fileRef = AEA95F3C1E27A7F4004FC14E /* HttpSessionRequest.m */; };
/* End PBXBuildFile section */

/* Begin PBXCopyFilesBuildPhase section */
		AEA95F291E27A7B6004FC14E /* CopyFiles */ = {
			isa = PBXCopyFilesBuildPhase;
			buildActionMask = 2147483647;
			dstPath = "include/$(PRODUCT_NAME)";
			dstSubfolderSpec = 16;
			files = (
				AEA95F311E27A7B6004FC14E /* Interface.h in CopyFiles */,
			);
			runOnlyForDeploymentPostprocessing = 0;
		};
/* End PBXCopyFilesBuildPhase section */

/* Begin PBXFileReference section */
		AEA95F2B1E27A7B6004FC14E /* libInterface.a */ = {isa = PBXFileReference; explicitFileType = archive.ar; includeInIndex = 0; path = libInterface.a; sourceTree = BUILT_PRODUCTS_DIR; };
		AEA95F2E1E27A7B6004FC14E /* Interface.h */ = {isa = PBXFileReference; lastKnownFileType = sourcecode.c.h; path = Interface.h; sourceTree = "<group>"; };
		AEA95F3B1E27A7F4004FC14E /* HttpSessionRequest.h */ = {isa = PBXFileReference; fileEncoding = 4; lastKnownFileType = sourcecode.c.h; path = HttpSessionRequest.h; sourceTree = "<group>"; };
		AEA95F3C1E27A7F4004FC14E /* HttpSessionRequest.m */ = {isa = PBXFileReference; fileEncoding = 4; lastKnownFileType = sourcecode.c.objc; path = HttpSessionRequest.m; sourceTree = "<group>"; };
/* End PBXFileReference section */

/* Begin PBXFrameworksBuildPhase section */
		AEA95F281E27A7B6004FC14E /* Frameworks */ = {
			isa = PBXFrameworksBuildPhase;
			buildActionMask = 2147483647;
			files = (
			);
			runOnlyForDeploymentPostprocessing = 0;
		};
/* End PBXFrameworksBuildPhase section */

/* Begin PBXGroup section */
		AEA95F221E27A7B6004FC14E = {
			isa = PBXGroup;
			children = (
				AEA95F2D1E27A7B6004FC14E /* Interface */,
				AEA95F2C1E27A7B6004FC14E /* Products */,
			);
			sourceTree = "<group>";
		};
		AEA95F2C1E27A7B6004FC14E /* Products */ = {
			isa = PBXGroup;
			children = (
				AEA95F2B1E27A7B6004FC14E /* libInterface.a */,
			);
			name = Products;
			sourceTree = "<group>";
		};
		AEA95F2D1E27A7B6004FC14E /* Interface */ = {
			isa = PBXGroup;
			children = (
				AEA95F3A1E27A7DF004FC14E /* BaseRequest */,
				AEA95F2E1E27A7B6004FC14E /* Interface.h */,
			);
			path = Interface;
			sourceTree = "<group>";
		};
		AEA95F3A1E27A7DF004FC14E /* BaseRequest */ = {
			isa = PBXGroup;
			children = (
				AEA95F3B1E27A7F4004FC14E /* HttpSessionRequest.h */,
				AEA95F3C1E27A7F4004FC14E /* HttpSessionRequest.m */,
			);
			path = BaseRequest;
			sourceTree = "<group>";
		};
/* End PBXGroup section */

/* Begin PBXNativeTarget section */
		AEA95F2A1E27A7B6004FC14E /* Interface */ = {
			isa = PBXNativeTarget;
			buildConfigurationList = AEA95F341E27A7B7004FC14E /* Build configuration list for PBXNativeTarget "Interface" */;
			buildPhases = (
				AEA95F271E27A7B6004FC14E /* Sources */,
				AEA95F281E27A7B6004FC14E /* Frameworks */,
				AEA95F291E27A7B6004FC14E /* CopyFiles */,
			);
			buildRules = (
			);
			dependencies = (
			);
			name = Interface;
			productName = Interface;
			productReference = AEA95F2B1E27A7B6004FC14E /* libInterface.a */;
			productType = "com.apple.product-type.library.static";
		};
/* End PBXNativeTarget section */

/* Begin PBXProject section */
		AEA95F231E27A7B6004FC14E /* Project object */ = {
			isa = PBXProject;
			attributes = {
				LastUpgradeCheck = 0810;
				ORGANIZATIONNAME = "上海方创金融信息服务股份有限公司";
				TargetAttributes = {
					AEA95F2A1E27A7B6004FC14E = {
						CreatedOnToolsVersion = 8.1;
						DevelopmentTeam = AWA9R9FXT6;
						ProvisioningStyle = Automatic;
					};
				};
			};
			buildConfigurationList = AEA95F261E27A7B6004FC14E /* Build configuration list for PBXProject "Interface" */;
			compatibilityVersion = "Xcode 3.2";
			developmentRegion = English;
			hasScannedForEncodings = 0;
			knownRegions = (
				en,
			);
			mainGroup = AEA95F221E27A7B6004FC14E;
			productRefGroup = AEA95F2C1E27A7B6004FC14E /* Products */;
			projectDirPath = "";
			projectRoot = "";
			targets = (
				AEA95F2A1E27A7B6004FC14E /* Interface */,
			);
		};
/* End PBXProject section */

/* Begin PBXSourcesBuildPhase section */
		AEA95F271E27A7B6004FC14E /* Sources */ = {
			isa = PBXSourcesBuildPhase;
			buildActionMask = 2147483647;
			files = (
				AEA95F3D1E27A7F4004FC14E /* HttpSessionRequest.m in Sources */,
			);
			runOnlyForDeploymentPostprocessing = 0;
		};
/* End PBXSourcesBuildPhase section */

/* Begin XCBuildConfiguration section */
		AEA95F321E27A7B7004FC14E /* Debug */ = {
			isa = XCBuildConfiguration;
			buildSettings = {
				ALWAYS_SEARCH_USER_PATHS = NO;
				CLANG_ANALYZER_NONNULL = YES;
				CLANG_CXX_LANGUAGE_STANDARD = "gnu++0x";
				CLANG_CXX_LIBRARY = "libc++";
				CLANG_ENABLE_MODULES = YES;
				CLANG_ENABLE_OBJC_ARC = YES;
				CLANG_WARN_BOOL_CONVERSION = YES;
				CLANG_WARN_CONSTANT_CONVERSION = YES;
				CLANG_WARN_DIRECT_OBJC_ISA_USAGE = YES_ERROR;
				CLANG_WARN_DOCUMENTATION_COMMENTS = YES;
				CLANG_WARN_EMPTY_BODY = YES;
				CLANG_WARN_ENUM_CONVERSION = YES;
				CLANG_WARN_INFINITE_RECURSION = YES;
				CLANG_WARN_INT_CONVERSION = YES;
				CLANG_WARN_OBJC_ROOT_CLASS = YES_ERROR;
				CLANG_WARN_SUSPICIOUS_MOVES = YES;
				CLANG_WARN_UNREACHABLE_CODE = YES;
				CLANG_WARN__DUPLICATE_METHOD_MATCH = YES;
				"CODE_SIGN_IDENTITY[sdk=iphoneos*]" = "iPhone Developer";
				COPY_PHASE_STRIP = NO;
				DEBUG_INFORMATION_FORMAT = dwarf;
				ENABLE_STRICT_OBJC_MSGSEND = YES;
				ENABLE_TESTABILITY = YES;
				GCC_C_LANGUAGE_STANDARD = gnu99;
				GCC_DYNAMIC_NO_PIC = NO;
				GCC_NO_COMMON_BLOCKS = YES;
				GCC_OPTIMIZATION_LEVEL = 0;
				GCC_PREPROCESSOR_DEFINITIONS = (
					"DEBUG=1",
					"$(inherited)",
				);
				GCC_WARN_64_TO_32_BIT_CONVERSION = YES;
				GCC_WARN_ABOUT_RETURN_TYPE = YES_ERROR;
				GCC_WARN_UNDECLARED_SELECTOR = YES;
				GCC_WARN_UNINITIALIZED_AUTOS = YES_AGGRESSIVE;
				GCC_WARN_UNUSED_FUNCTION = YES;
				GCC_WARN_UNUSED_VARIABLE = YES;
				IPHONEOS_DEPLOYMENT_TARGET = 10.1;
				MTL_ENABLE_DEBUG_INFO = YES;
				ONLY_ACTIVE_ARCH = YES;
				SDKROOT = iphoneos;
			};
			name = Debug;
		};
		AEA95F331E27A7B7004FC14E /* Release */ = {
			isa = XCBuildConfiguration;
			buildSettings = {
				ALWAYS_SEARCH_USER_PATHS = NO;
				CLANG_ANALYZER_NONNULL = YES;
				CLANG_CXX_LANGUAGE_STANDARD = "gnu++0x";
				CLANG_CXX_LIBRARY = "libc++";
				CLANG_ENABLE_MODULES = YES;
				CLANG_ENABLE_OBJC_ARC = YES;
				CLANG_WARN_BOOL_CONVERSION = YES;
				CLANG_WARN_CONSTANT_CONVERSION = YES;
				CLANG_WARN_DIRECT_OBJC_ISA_USAGE = YES_ERROR;
				CLANG_WARN_DOCUMENTATION_COMMENTS = YES;
				CLANG_WARN_EMPTY_BODY = YES;
				CLANG_WARN_ENUM_CONVERSION = YES;
				CLANG_WARN_INFINITE_RECURSION = YES;
				CLANG_WARN_INT_CONVERSION = YES;
				CLANG_WARN_OBJC_ROOT_CLASS = YES_ERROR;
				CLANG_WARN_SUSPICIOUS_MOVES = YES;
				CLANG_WARN_UNREACHABLE_CODE = YES;
				CLANG_WARN__DUPLICATE_METHOD_MATCH = YES;
				"CODE_SIGN_IDENTITY[sdk=iphoneos*]" = "iPhone Developer";
				COPY_PHASE_STRIP = NO;
				DEBUG_INFORMATION_FORMAT = "dwarf-with-dsym";
				ENABLE_NS_ASSERTIONS = NO;
				ENABLE_STRICT_OBJC_MSGSEND = YES;
				GCC_C_LANGUAGE_STANDARD = gnu99;
				GCC_NO_COMMON_BLOCKS = YES;
				GCC_WARN_64_TO_32_BIT_CONVERSION = YES;
				GCC_WARN_ABOUT_RETURN_TYPE = YES_ERROR;
				GCC_WARN_UNDECLARED_SELECTOR = YES;
				GCC_WARN_UNINITIALIZED_AUTOS = YES_AGGRESSIVE;
				GCC_WARN_UNUSED_FUNCTION = YES;
				GCC_WARN_UNUSED_VARIABLE = YES;
				IPHONEOS_DEPLOYMENT_TARGET = 10.1;
				MTL_ENABLE_DEBUG_INFO = NO;
				SDKROOT = iphoneos;
				VALIDATE_PRODUCT = YES;
			};
			name = Release;
		};
		AEA95F351E27A7B7004FC14E /* Debug */ = {
			isa = XCBuildConfiguration;
			buildSettings = {
				DEVELOPMENT_TEAM = AWA9R9FXT6;
				OTHER_LDFLAGS = "-ObjC";
				PRODUCT_NAME = "$(TARGET_NAME)";
				SKIP_INSTALL = YES;
			};
			name = Debug;
		};
		AEA95F361E27A7B7004FC14E /* Release */ = {
			isa = XCBuildConfiguration;
			buildSettings = {
				DEVELOPMENT_TEAM = AWA9R9FXT6;
				OTHER_LDFLAGS = "-ObjC";
				PRODUCT_NAME = "$(TARGET_NAME)";
				SKIP_INSTALL = YES;
			};
			name = Release;
		};
/* End XCBuildConfiguration section */

/* Begin XCConfigurationList section */
		AEA95F261E27A7B6004FC14E /* Build configuration list for PBXProject "Interface" */ = {
			isa = XCConfigurationList;
			buildConfigurations = (
				AEA95F321E27A7B7004FC14E /* Debug */,
				AEA95F331E27A7B7004FC14E /* Release */,
			);
			defaultConfigurationIsVisible = 0;
			defaultConfigurationName = Release;
		};
		AEA95F341E27A7B7004FC14E /* Build configuration list for PBXNativeTarget "Interface" */ = {
			isa = XCConfigurationList;
			buildConfigurations = (
				AEA95F351E27A7B7004FC14E /* Debug */,
				AEA95F361E27A7B7004FC14E /* Release */,
			);
			defaultConfigurationIsVisible = 0;
		};
/* End XCConfigurationList section */
	};
	rootObject = AEA95F231E27A7B6004FC14E /* Project object */;
}
